
Microsoft Visual Studio Solution File, Format Version 12.00
# Visual Studio 2012
Project("{FAE04EC0-301F-11D3-BF4B-00C04F79EFBC}") = "WebTotalControl", "WebTotalControl\WebTotalControl.csproj", "{32D3370C-6E5A-4C94-9745-F45E83C84BEA}"
EndProject
Project("{FAE04EC0-301F-11D3-BF4B-00C04F79EFBC}") = "TotalControlLib", "TotalControlLib\TotalControlLib.csproj", "{ED297682-803B-4AE4-8885-2CC4A23480E5}"
EndProject
Project("{FAE04EC0-301F-11D3-BF4B-00C04F79EFBC}") = "TotalControlDal", "TotalControlDal\TotalControlDal.csproj", "{4A5D380B-5D20-434F-8256-DBCE4BC52ECF}"
EndProject
Global
	GlobalSection(SolutionConfigurationPlatforms) = preSolution
		Debug|Any CPU = Debug|Any CPU
		Release|Any CPU = Release|Any CPU
	EndGlobalSection
	GlobalSection(ProjectConfigurationPlatforms) = postSolution
		{32D3370C-6E5A-4C94-9745-F45E83C84BEA}.Debug|Any CPU.ActiveCfg = Debug|Any CPU
		{32D3370C-6E5A-4C94-9745-F45E83C84BEA}.Debug|Any CPU.Build.0 = Debug|Any CPU
		{32D3370C-6E5A-4C94-9745-F45E83C84BEA}.Release|Any CPU.ActiveCfg = Release|Any CPU
		{32D3370C-6E5A-4C94-9745-F45E83C84BEA}.Release|Any CPU.Build.0 = Release|Any CPU
		{ED297682-803B-4AE4-8885-2CC4A23480E5}.Debug|Any CPU.ActiveCfg = Debug|Any CPU
		{ED297682-803B-4AE4-8885-2CC4A23480E5}.Debug|Any CPU.Build.0 = Debug|Any CPU
		{ED297682-803B-4AE4-8885-2CC4A23480E5}.Release|Any CPU.ActiveCfg = Release|Any CPU
		{ED297682-803B-4AE4-8885-2CC4A23480E5}.Release|Any CPU.Build.0 = Release|Any CPU
		{4A5D380B-5D20-434F-8256-DBCE4BC52ECF}.Debug|Any CPU.ActiveCfg = Debug|Any CPU
		{4A5D380B-5D20-434F-8256-DBCE4BC52ECF}.Debug|Any CPU.Build.0 = Debug|Any CPU
		{4A5D380B-5D20-434F-8256-DBCE4BC52ECF}.Release|Any CPU.ActiveCfg = Release|Any CPU
		{4A5D380B-5D20-434F-8256-DBCE4BC52ECF}.Release|Any CPU.Build.0 = Release|Any CPU
	EndGlobalSection
	GlobalSection(SolutionProperties) = preSolution
		HideSolutionNode = FALSE
	EndGlobalSection
EndGlobal
